// !$*UTF8*$!
{
	archiveVersion = 1;
	classes = {
	};
	objectVersion = 56;
	objects = {

/* Begin PBXBuildFile section */
		618F874B2DC9442A00E8479C /* FitForgeApp.swift in Sources */ = {isa = PBXBuildFile; fileRef = 618F874A2DC9442A00E8479C /* FitForgeApp.swift */; };
		618F874D2DC9442A00E8479C /* ContentView.swift in Sources */ = {isa = PBXBuildFile; fileRef = 618F874C2DC9442A00E8479C /* ContentView.swift */; };
		618F874F2DC9442B00E8479C /* Assets.xcassets in Resources */ = {isa = PBXBuildFile; fileRef = 618F874E2DC9442B00E8479C /* Assets.xcassets */; };
		618F87522DC9442B00E8479C /* Preview Assets.xcassets in Resources */ = {isa = PBXBuildFile; fileRef = 618F87512DC9442B00E8479C /* Preview Assets.xcassets */; };
		618F87592DC944B200E8479C /* HomeView.swift in Sources */ = {isa = PBXBuildFile; fileRef = 618F87582DC944B200E8479C /* HomeView.swift */; };
		618F875B2DC944D800E8479C /* SettingsView.swift in Sources */ = {isa = PBXBuildFile; fileRef = 618F875A2DC944D800E8479C /* SettingsView.swift */; };
		618F875D2DC944E400E8479C /* ProfileView.swift in Sources */ = {isa = PBXBuildFile; fileRef = 618F875C2DC944E400E8479C /* ProfileView.swift */; };
		619A70762DD3B5560051B850 /* GraphView.swift in Sources */ = {isa = PBXBuildFile; fileRef = 619A70752DD3B5560051B850 /* GraphView.swift */; };
		619A70782DD3B5660051B850 /* LeaderboardView.swift in Sources */ = {isa = PBXBuildFile; fileRef = 619A70772DD3B5660051B850 /* LeaderboardView.swift */; };
		619A707A2DD3B5710051B850 /* UsersView.swift in Sources */ = {isa = PBXBuildFile; fileRef = 619A70792DD3B5710051B850 /* UsersView.swift */; };
		61C800FB2DEE285D006CD1EC /* GlobalView.swift in Sources */ = {isa = PBXBuildFile; fileRef = 61C800FA2DEE285D006CD1EC /* GlobalView.swift */; };
		61C800FD2DEE2872006CD1EC /* FriendsView.swift in Sources */ = {isa = PBXBuildFile; fileRef = 61C800FC2DEE2872006CD1EC /* FriendsView.swift */; };
/* End PBXBuildFile section */

/* Begin PBXFileReference section */
		618F87472DC9442A00E8479C /* FitForge.app */ = {isa = PBXFileReference; explicitFileType = wrapper.application; includeInIndex = 0; path = FitForge.app; sourceTree = BUILT_PRODUCTS_DIR; };
		618F874A2DC9442A00E8479C /* FitForgeApp.swift */ = {isa = PBXFileReference; lastKnownFileType = sourcecode.swift; path = FitForgeApp.swift; sourceTree = "<group>"; };
		618F874C2DC9442A00E8479C /* ContentView.swift */ = {isa = PBXFileReference; lastKnownFileType = sourcecode.swift; path = ContentView.swift; sourceTree = "<group>"; };
		618F874E2DC9442B00E8479C /* Assets.xcassets */ = {isa = PBXFileReference; lastKnownFileType = folder.assetcatalog; path = Assets.xcassets; sourceTree = "<group>"; };
		618F87512DC9442B00E8479C /* Preview Assets.xcassets */ = {isa = PBXFileReference; lastKnownFileType = folder.assetcatalog; path = "Preview Assets.xcassets"; sourceTree = "<group>"; };
		618F87582DC944B200E8479C /* HomeView.swift */ = {isa = PBXFileReference; lastKnownFileType = sourcecode.swift; path = HomeView.swift; sourceTree = "<group>"; };
		618F875A2DC944D800E8479C /* SettingsView.swift */ = {isa = PBXFileReference; lastKnownFileType = sourcecode.swift; path = SettingsView.swift; sourceTree = "<group>"; };
		618F875C2DC944E400E8479C /* ProfileView.swift */ = {isa = PBXFileReference; lastKnownFileType = sourcecode.swift; path = ProfileView.swift; sourceTree = "<group>"; };
		619A70752DD3B5560051B850 /* GraphView.swift */ = {isa = PBXFileReference; lastKnownFileType = sourcecode.swift; path = GraphView.swift; sourceTree = "<group>"; };
		619A70772DD3B5660051B850 /* LeaderboardView.swift */ = {isa = PBXFileReference; lastKnownFileType = sourcecode.swift; path = LeaderboardView.swift; sourceTree = "<group>"; };
		619A70792DD3B5710051B850 /* UsersView.swift */ = {isa = PBXFileReference; lastKnownFileType = sourcecode.swift; path = UsersView.swift; sourceTree = "<group>"; };
		61C800FA2DEE285D006CD1EC /* GlobalView.swift */ = {isa = PBXFileReference; lastKnownFileType = sourcecode.swift; path = GlobalView.swift; sourceTree = "<group>"; };
		61C800FC2DEE2872006CD1EC /* FriendsView.swift */ = {isa = PBXFileReference; lastKnownFileType = sourcecode.swift; path = FriendsView.swift; sourceTree = "<group>"; };
/* End PBXFileReference section */

/* Begin PBXFrameworksBuildPhase section */
		618F87442DC9442A00E8479C /* Frameworks */ = {
			isa = PBXFrameworksBuildPhase;
			buildActionMask = 2147483647;
			files = (
			);
			runOnlyForDeploymentPostprocessing = 0;
		};
/* End PBXFrameworksBuildPhase section */

/* Begin PBXGroup section */
		618F873E2DC9442A00E8479C = {
			isa = PBXGroup;
			children = (
				618F87492DC9442A00E8479C /* FitForge */,
				618F87482DC9442A00E8479C /* Products */,
			);
			sourceTree = "<group>";
		};
		618F87482DC9442A00E8479C /* Products */ = {
			isa = PBXGroup;
			children = (
				618F87472DC9442A00E8479C /* FitForge.app */,
			);
			name = Products;
			sourceTree = "<group>";
		};
		618F87492DC9442A00E8479C /* FitForge */ = {
			isa = PBXGroup;
			children = (
				618F874A2DC9442A00E8479C /* FitForgeApp.swift */,
				618F874C2DC9442A00E8479C /* ContentView.swift */,
				618F87582DC944B200E8479C /* HomeView.swift */,
				618F875C2DC944E400E8479C /* ProfileView.swift */,
				618F875A2DC944D800E8479C /* SettingsView.swift */,
				619A70752DD3B5560051B850 /* GraphView.swift */,
				619A70772DD3B5660051B850 /* LeaderboardView.swift */,
				619A70792DD3B5710051B850 /* UsersView.swift */,
				61C800FA2DEE285D006CD1EC /* GlobalView.swift */,
				61C800FC2DEE2872006CD1EC /* FriendsView.swift */,
				618F874E2DC9442B00E8479C /* Assets.xcassets */,
				618F87502DC9442B00E8479C /* Preview Content */,
			);
			path = FitForge;
			sourceTree = "<group>";
		};
		618F87502DC9442B00E8479C /* Preview Content */ = {
			isa = PBXGroup;
			children = (
				618F87512DC9442B00E8479C /* Preview Assets.xcassets */,
			);
			path = "Preview Content";
			sourceTree = "<group>";
		};
/* End PBXGroup section */

/* Begin PBXNativeTarget section */
		618F87462DC9442A00E8479C /* FitForge */ = {
			isa = PBXNativeTarget;
			buildConfigurationList = 618F87552DC9442B00E8479C /* Build configuration list for PBXNativeTarget "FitForge" */;
			buildPhases = (
				618F87432DC9442A00E8479C /* Sources */,
				618F87442DC9442A00E8479C /* Frameworks */,
				618F87452DC9442A00E8479C /* Resources */,
			);
			buildRules = (
			);
			dependencies = (
			);
			name = FitForge;
			productName = FitForge;
			productReference = 618F87472DC9442A00E8479C /* FitForge.app */;
			productType = "com.apple.product-type.application";
		};
/* End PBXNativeTarget section */

/* Begin PBXProject section */
		618F873F2DC9442A00E8479C /* Project object */ = {
			isa = PBXProject;
			attributes = {
				BuildIndependentTargetsInParallel = 1;
				LastSwiftUpdateCheck = 1540;
				LastUpgradeCheck = 1540;
				TargetAttributes = {
					618F87462DC9442A00E8479C = {
						CreatedOnToolsVersion = 15.4;
					};
				};
			};
			buildConfigurationList = 618F87422DC9442A00E8479C /* Build configuration list for PBXProject "FitForge" */;
			compatibilityVersion = "Xcode 14.0";
			developmentRegion = en;
			hasScannedForEncodings = 0;
			knownRegions = (
				en,
				Base,
			);
			mainGroup = 618F873E2DC9442A00E8479C;
			productRefGroup = 618F87482DC9442A00E8479C /* Products */;
			projectDirPath = "";
			projectRoot = "";
			targets = (
				618F87462DC9442A00E8479C /* FitForge */,
			);
		};
/* End PBXProject section */

/* Begin PBXResourcesBuildPhase section */
		618F87452DC9442A00E8479C /* Resources */ = {
			isa = PBXResourcesBuildPhase;
			buildActionMask = 2147483647;
			files = (
				618F87522DC9442B00E8479C /* Preview Assets.xcassets in Resources */,
				618F874F2DC9442B00E8479C /* Assets.xcassets in Resources */,
			);
			runOnlyForDeploymentPostprocessing = 0;
		};
/* End PBXResourcesBuildPhase section */

/* Begin PBXSourcesBuildPhase section */
		618F87432DC9442A00E8479C /* Sources */ = {
			isa = PBXSourcesBuildPhase;
			buildActionMask = 2147483647;
			files = (
				61C800FD2DEE2872006CD1EC /* FriendsView.swift in Sources */,
				61C800FB2DEE285D006CD1EC /* GlobalView.swift in Sources */,
				618F87592DC944B200E8479C /* HomeView.swift in Sources */,
				618F875B2DC944D800E8479C /* SettingsView.swift in Sources */,
				618F875D2DC944E400E8479C /* ProfileView.swift in Sources */,
				619A70782DD3B5660051B850 /* LeaderboardView.swift in Sources */,
				618F874D2DC9442A00E8479C /* ContentView.swift in Sources */,
				618F874B2DC9442A00E8479C /* FitForgeApp.swift in Sources */,
				619A70762DD3B5560051B850 /* GraphView.swift in Sources */,
				619A707A2DD3B5710051B850 /* UsersView.swift in Sources */,
			);
			runOnlyForDeploymentPostprocessing = 0;
		};
/* End PBXSourcesBuildPhase section */

/* Begin XCBuildConfiguration section */
		618F87532DC9442B00E8479C /* Debug */ = {
			isa = XCBuildConfiguration;
			buildSettings = {
				ALWAYS_SEARCH_USER_PATHS = NO;
				ASSETCATALOG_COMPILER_GENERATE_SWIFT_ASSET_SYMBOL_EXTENSIONS = YES;
				CLANG_ANALYZER_NONNULL = YES;
				CLANG_ANALYZER_NUMBER_OBJECT_CONVERSION = YES_AGGRESSIVE;
				CLANG_CXX_LANGUAGE_STANDARD = "gnu++20";
				CLANG_ENABLE_MODULES = YES;
				CLANG_ENABLE_OBJC_ARC = YES;
				CLANG_ENABLE_OBJC_WEAK = YES;
				CLANG_WARN_BLOCK_CAPTURE_AUTORELEASING = YES;
				CLANG_WARN_BOOL_CONVERSION = YES;
				CLANG_WARN_COMMA = YES;
				CLANG_WARN_CONSTANT_CONVERSION = YES;
				CLANG_WARN_DEPRECATED_OBJC_IMPLEMENTATIONS = YES;
				CLANG_WARN_DIRECT_OBJC_ISA_USAGE = YES_ERROR;
				CLANG_WARN_DOCUMENTATION_COMMENTS = YES;
				CLANG_WARN_EMPTY_BODY = YES;
				CLANG_WARN_ENUM_CONVERSION = YES;
				CLANG_WARN_INFINITE_RECURSION = YES;
				CLANG_WARN_INT_CONVERSION = YES;
				CLANG_WARN_NON_LITERAL_NULL_CONVERSION = YES;
				CLANG_WARN_OBJC_IMPLICIT_RETAIN_SELF = YES;
				CLANG_WARN_OBJC_LITERAL_CONVERSION = YES;
				CLANG_WARN_OBJC_ROOT_CLASS = YES_ERROR;
				CLANG_WARN_QUOTED_INCLUDE_IN_FRAMEWORK_HEADER = YES;
				CLANG_WARN_RANGE_LOOP_ANALYSIS = YES;
				CLANG_WARN_STRICT_PROTOTYPES = YES;
				CLANG_WARN_SUSPICIOUS_MOVE = YES;
				CLANG_WARN_UNGUARDED_AVAILABILITY = YES_AGGRESSIVE;
				CLANG_WARN_UNREACHABLE_CODE = YES;
				CLANG_WARN__DUPLICATE_METHOD_MATCH = YES;
				COPY_PHASE_STRIP = NO;
				DEBUG_INFORMATION_FORMAT = dwarf;
				ENABLE_STRICT_OBJC_MSGSEND = YES;
				ENABLE_TESTABILITY = YES;
				ENABLE_USER_SCRIPT_SANDBOXING = YES;
				GCC_C_LANGUAGE_STANDARD = gnu17;
				GCC_DYNAMIC_NO_PIC = NO;
				GCC_NO_COMMON_BLOCKS = YES;
				GCC_OPTIMIZATION_LEVEL = 0;
				GCC_PREPROCESSOR_DEFINITIONS = (
					"DEBUG=1",
					"$(inherited)",
				);
				GCC_WARN_64_TO_32_BIT_CONVERSION = YES;
				GCC_WARN_ABOUT_RETURN_TYPE = YES_ERROR;
				GCC_WARN_UNDECLARED_SELECTOR = YES;
				GCC_WARN_UNINITIALIZED_AUTOS = YES_AGGRESSIVE;
				GCC_WARN_UNUSED_FUNCTION = YES;
				GCC_WARN_UNUSED_VARIABLE = YES;
				IPHONEOS_DEPLOYMENT_TARGET = 17.5;
				LOCALIZATION_PREFERS_STRING_CATALOGS = YES;
				MTL_ENABLE_DEBUG_INFO = INCLUDE_SOURCE;
				MTL_FAST_MATH = YES;
				ONLY_ACTIVE_ARCH = YES;
				SDKROOT = iphoneos;
				SWIFT_ACTIVE_COMPILATION_CONDITIONS = "DEBUG $(inherited)";
				SWIFT_OPTIMIZATION_LEVEL = "-Onone";
			};
			name = Debug;
		};
		618F87542DC9442B00E8479C /* Release */ = {
			isa = XCBuildConfiguration;
			buildSettings = {
				ALWAYS_SEARCH_USER_PATHS = NO;
				ASSETCATALOG_COMPILER_GENERATE_SWIFT_ASSET_SYMBOL_EXTENSIONS = YES;
				CLANG_ANALYZER_NONNULL = YES;
				CLANG_ANALYZER_NUMBER_OBJECT_CONVERSION = YES_AGGRESSIVE;
				CLANG_CXX_LANGUAGE_STANDARD = "gnu++20";
				CLANG_ENABLE_MODULES = YES;
				CLANG_ENABLE_OBJC_ARC = YES;
				CLANG_ENABLE_OBJC_WEAK = YES;
				CLANG_WARN_BLOCK_CAPTURE_AUTORELEASING = YES;
				CLANG_WARN_BOOL_CONVERSION = YES;
				CLANG_WARN_COMMA = YES;
				CLANG_WARN_CONSTANT_CONVERSION = YES;
				CLANG_WARN_DEPRECATED_OBJC_IMPLEMENTATIONS = YES;
				CLANG_WARN_DIRECT_OBJC_ISA_USAGE = YES_ERROR;
				CLANG_WARN_DOCUMENTATION_COMMENTS = YES;
				CLANG_WARN_EMPTY_BODY = YES;
				CLANG_WARN_ENUM_CONVERSION = YES;
				CLANG_WARN_INFINITE_RECURSION = YES;
				CLANG_WARN_INT_CONVERSION = YES;
				CLANG_WARN_NON_LITERAL_NULL_CONVERSION = YES;
				CLANG_WARN_OBJC_IMPLICIT_RETAIN_SELF = YES;
				CLANG_WARN_OBJC_LITERAL_CONVERSION = YES;
				CLANG_WARN_OBJC_ROOT_CLASS = YES_ERROR;
				CLANG_WARN_QUOTED_INCLUDE_IN_FRAMEWORK_HEADER = YES;
				CLANG_WARN_RANGE_LOOP_ANALYSIS = YES;
				CLANG_WARN_STRICT_PROTOTYPES = YES;
				CLANG_WARN_SUSPICIOUS_MOVE = YES;
				CLANG_WARN_UNGUARDED_AVAILABILITY = YES_AGGRESSIVE;
				CLANG_WARN_UNREACHABLE_CODE = YES;
				CLANG_WARN__DUPLICATE_METHOD_MATCH = YES;
				COPY_PHASE_STRIP = NO;
				DEBUG_INFORMATION_FORMAT = "dwarf-with-dsym";
				ENABLE_NS_ASSERTIONS = NO;
				ENABLE_STRICT_OBJC_MSGSEND = YES;
				ENABLE_USER_SCRIPT_SANDBOXING = YES;
				GCC_C_LANGUAGE_STANDARD = gnu17;
				GCC_NO_COMMON_BLOCKS = YES;
				GCC_WARN_64_TO_32_BIT_CONVERSION = YES;
				GCC_WARN_ABOUT_RETURN_TYPE = YES_ERROR;
				GCC_WARN_UNDECLARED_SELECTOR = YES;
				GCC_WARN_UNINITIALIZED_AUTOS = YES_AGGRESSIVE;
				GCC_WARN_UNUSED_FUNCTION = YES;
				GCC_WARN_UNUSED_VARIABLE = YES;
				IPHONEOS_DEPLOYMENT_TARGET = 17.5;
				LOCALIZATION_PREFERS_STRING_CATALOGS = YES;
				MTL_ENABLE_DEBUG_INFO = NO;
				MTL_FAST_MATH = YES;
				SDKROOT = iphoneos;
				SWIFT_COMPILATION_MODE = wholemodule;
				VALIDATE_PRODUCT = YES;
			};
			name = Release;
		};
		618F87562DC9442B00E8479C /* Debug */ = {
			isa = XCBuildConfiguration;
			buildSettings = {
				ASSETCATALOG_COMPILER_APPICON_NAME = "AppIcon 1";
				ASSETCATALOG_COMPILER_GLOBAL_ACCENT_COLOR_NAME = AccentColor;
				ASSETCATALOG_COMPILER_INCLUDE_ALL_APPICON_ASSETS = YES;
				CODE_SIGN_STYLE = Automatic;
				CURRENT_PROJECT_VERSION = 1;
				DEVELOPMENT_ASSET_PATHS = "\"FitForge/Preview Content\"";
				ENABLE_PREVIEWS = YES;
				GENERATE_INFOPLIST_FILE = YES;
				INFOPLIST_KEY_UIApplicationSceneManifest_Generation = YES;
				INFOPLIST_KEY_UIApplicationSupportsIndirectInputEvents = YES;
				INFOPLIST_KEY_UILaunchScreen_Generation = YES;
				INFOPLIST_KEY_UISupportedInterfaceOrientations_iPad = "UIInterfaceOrientationPortrait UIInterfaceOrientationPortraitUpsideDown UIInterfaceOrientationLandscapeLeft UIInterfaceOrientationLandscapeRight";
				INFOPLIST_KEY_UISupportedInterfaceOrientations_iPhone = "UIInterfaceOrientationPortrait UIInterfaceOrientationLandscapeLeft UIInterfaceOrientationLandscapeRight";
				LD_RUNPATH_SEARCH_PATHS = (
					"$(inherited)",
					"@executable_path/Frameworks",
				);
				MARKETING_VERSION = 1.0;
				PRODUCT_BUNDLE_IDENTIFIER = name.WilliamHuxtable.FitForge;
				PRODUCT_NAME = "$(TARGET_NAME)";
				SWIFT_EMIT_LOC_STRINGS = YES;
				SWIFT_VERSION = 5.0;
				TARGETED_DEVICE_FAMILY = "1,2";
			};
			name = Debug;
		};
		618F87572DC9442B00E8479C /* Release */ = {
			isa = XCBuildConfiguration;
			buildSettings = {
				ASSETCATALOG_COMPILER_APPICON_NAME = "AppIcon 1";
				ASSETCATALOG_COMPILER_GLOBAL_ACCENT_COLOR_NAME = AccentColor;
				ASSETCATALOG_COMPILER_INCLUDE_ALL_APPICON_ASSETS = YES;
				CODE_SIGN_STYLE = Automatic;
				CURRENT_PROJECT_VERSION = 1;
				DEVELOPMENT_ASSET_PATHS = "\"FitForge/Preview Content\"";
				ENABLE_PREVIEWS = YES;
				GENERATE_INFOPLIST_FILE = YES;
				INFOPLIST_KEY_UIApplicationSceneManifest_Generation = YES;
				INFOPLIST_KEY_UIApplicationSupportsIndirectInputEvents = YES;
				INFOPLIST_KEY_UILaunchScreen_Generation = YES;
				INFOPLIST_KEY_UISupportedInterfaceOrientations_iPad = "UIInterfaceOrientationPortrait UIInterfaceOrientationPortraitUpsideDown UIInterfaceOrientationLandscapeLeft UIInterfaceOrientationLandscapeRight";
				INFOPLIST_KEY_UISupportedInterfaceOrientations_iPhone = "UIInterfaceOrientationPortrait UIInterfaceOrientationLandscapeLeft UIInterfaceOrientationLandscapeRight";
				LD_RUNPATH_SEARCH_PATHS = (
					"$(inherited)",
					"@executable_path/Frameworks",
				);
				MARKETING_VERSION = 1.0;
				PRODUCT_BUNDLE_IDENTIFIER = name.WilliamHuxtable.FitForge;
				PRODUCT_NAME = "$(TARGET_NAME)";
				SWIFT_EMIT_LOC_STRINGS = YES;
				SWIFT_VERSION = 5.0;
				TARGETED_DEVICE_FAMILY = "1,2";
			};
			name = Release;
		};
/* End XCBuildConfiguration section */

/* Begin XCConfigurationList section */
		618F87422DC9442A00E8479C /* Build configuration list for PBXProject "FitForge" */ = {
			isa = XCConfigurationList;
			buildConfigurations = (
				618F87532DC9442B00E8479C /* Debug */,
				618F87542DC9442B00E8479C /* Release */,
			);
			defaultConfigurationIsVisible = 0;
			defaultConfigurationName = Release;
		};
		618F87552DC9442B00E8479C /* Build configuration list for PBXNativeTarget "FitForge" */ = {
			isa = XCConfigurationList;
			buildConfigurations = (
				618F87562DC9442B00E8479C /* Debug */,
				618F87572DC9442B00E8479C /* Release */,
			);
			defaultConfigurationIsVisible = 0;
			defaultConfigurationName = Release;
		};
/* End XCConfigurationList section */
	};
	rootObject = 618F873F2DC9442A00E8479C /* Project object */;
}
